
Microsoft Visual Studio Solution File, Format Version 12.00
# Visual Studio Version 17
VisualStudioVersion = 17.0.31903.59
MinimumVisualStudioVersion = 10.0.40219.1
Project("{FAE04EC0-301F-11D3-BF4B-00C04F79EFBC}") = "Application", "src\Application\Application.csproj", "{769219E7-DC08-4443-94D8-39E655EAD3D8}"
EndProject
Project("{FAE04EC0-301F-11D3-BF4B-00C04F79EFBC}") = "Server", "samples\Server\Server.csproj", "{8BB3E635-7105-40BA-B973-3D1A9D0AD56B}"
EndProject
Project("{FAE04EC0-301F-11D3-BF4B-00C04F79EFBC}") = "Tests.UnitTests", "tests\Tests.UnitTests\Tests.UnitTests.csproj", "{3A0E7107-199F-4E7E-92C3-491DC2C52F58}"
EndProject
Project("{FAE04EC0-301F-11D3-BF4B-00C04F79EFBC}") = "Tests.IntegrationTests", "tests\Tests.IntegrationTests\Tests.IntegrationTests.csproj", "{BCD9FB9B-78BF-4194-A503-4D2EF9FA9116}"
EndProject
Global
	GlobalSection(SolutionConfigurationPlatforms) = preSolution
		Debug|Any CPU = Debug|Any CPU
		Release|Any CPU = Release|Any CPU
	EndGlobalSection
	GlobalSection(SolutionProperties) = preSolution
		HideSolutionNode = FALSE
	EndGlobalSection
	GlobalSection(ProjectConfigurationPlatforms) = postSolution
		{769219E7-DC08-4443-94D8-39E655EAD3D8}.Debug|Any CPU.ActiveCfg = Debug|Any CPU
		{769219E7-DC08-4443-94D8-39E655EAD3D8}.Debug|Any CPU.Build.0 = Debug|Any CPU
		{769219E7-DC08-4443-94D8-39E655EAD3D8}.Release|Any CPU.ActiveCfg = Release|Any CPU
		{769219E7-DC08-4443-94D8-39E655EAD3D8}.Release|Any CPU.Build.0 = Release|Any CPU
		{8BB3E635-7105-40BA-B973-3D1A9D0AD56B}.Debug|Any CPU.ActiveCfg = Debug|Any CPU
		{8BB3E635-7105-40BA-B973-3D1A9D0AD56B}.Debug|Any CPU.Build.0 = Debug|Any CPU
		{8BB3E635-7105-40BA-B973-3D1A9D0AD56B}.Release|Any CPU.ActiveCfg = Release|Any CPU
		{8BB3E635-7105-40BA-B973-3D1A9D0AD56B}.Release|Any CPU.Build.0 = Release|Any CPU
		{3A0E7107-199F-4E7E-92C3-491DC2C52F58}.Debug|Any CPU.ActiveCfg = Debug|Any CPU
		{3A0E7107-199F-4E7E-92C3-491DC2C52F58}.Debug|Any CPU.Build.0 = Debug|Any CPU
		{3A0E7107-199F-4E7E-92C3-491DC2C52F58}.Release|Any CPU.ActiveCfg = Release|Any CPU
		{3A0E7107-199F-4E7E-92C3-491DC2C52F58}.Release|Any CPU.Build.0 = Release|Any CPU
		{BCD9FB9B-78BF-4194-A503-4D2EF9FA9116}.Debug|Any CPU.ActiveCfg = Debug|Any CPU
		{BCD9FB9B-78BF-4194-A503-4D2EF9FA9116}.Debug|Any CPU.Build.0 = Debug|Any CPU
		{BCD9FB9B-78BF-4194-A503-4D2EF9FA9116}.Release|Any CPU.ActiveCfg = Release|Any CPU
		{BCD9FB9B-78BF-4194-A503-4D2EF9FA9116}.Release|Any CPU.Build.0 = Release|Any CPU
	EndGlobalSection
EndGlobal
